// !$*UTF8*$!
{
	archiveVersion = 1;
	classes = {
	};
	objectVersion = 46;
	objects = {

/* Begin PBXBuildFile section */
		6F85ABD91E84C487006B04AD /* AppDelegate.swift in Sources */ = {isa = PBXBuildFile; fileRef = 6F85ABD81E84C487006B04AD /* AppDelegate.swift */; };
		6F85ABDB1E84C487006B04AD /* MasterViewController.swift in Sources */ = {isa = PBXBuildFile; fileRef = 6F85ABDA1E84C487006B04AD /* MasterViewController.swift */; };
		6F85ABDD1E84C488006B04AD /* DetailViewController.swift in Sources */ = {isa = PBXBuildFile; fileRef = 6F85ABDC1E84C488006B04AD /* DetailViewController.swift */; };
		6F85ABE01E84C488006B04AD /* Main.storyboard in Resources */ = {isa = PBXBuildFile; fileRef = 6F85ABDE1E84C488006B04AD /* Main.storyboard */; };
		6F85ABE21E84C488006B04AD /* Assets.xcassets in Resources */ = {isa = PBXBuildFile; fileRef = 6F85ABE11E84C488006B04AD /* Assets.xcassets */; };
		6F85ABE51E84C488006B04AD /* LaunchScreen.storyboard in Resources */ = {isa = PBXBuildFile; fileRef = 6F85ABE31E84C488006B04AD /* LaunchScreen.storyboard */; };
/* End PBXBuildFile section */

/* Begin PBXFileReference section */
		6F85ABD51E84C487006B04AD /* CamClient.app */ = {isa = PBXFileReference; explicitFileType = wrapper.application; includeInIndex = 0; path = CamClient.app; sourceTree = BUILT_PRODUCTS_DIR; };
		6F85ABD81E84C487006B04AD /* AppDelegate.swift */ = {isa = PBXFileReference; lastKnownFileType = sourcecode.swift; path = AppDelegate.swift; sourceTree = "<group>"; };
		6F85ABDA1E84C487006B04AD /* MasterViewController.swift */ = {isa = PBXFileReference; lastKnownFileType = sourcecode.swift; path = MasterViewController.swift; sourceTree = "<group>"; };
		6F85ABDC1E84C488006B04AD /* DetailViewController.swift */ = {isa = PBXFileReference; lastKnownFileType = sourcecode.swift; path = DetailViewController.swift; sourceTree = "<group>"; };
		6F85ABDF1E84C488006B04AD /* Base */ = {isa = PBXFileReference; lastKnownFileType = file.storyboard; name = Base; path = Base.lproj/Main.storyboard; sourceTree = "<group>"; };
		6F85ABE11E84C488006B04AD /* Assets.xcassets */ = {isa = PBXFileReference; lastKnownFileType = folder.assetcatalog; path = Assets.xcassets; sourceTree = "<group>"; };
		6F85ABE41E84C488006B04AD /* Base */ = {isa = PBXFileReference; lastKnownFileType = file.storyboard; name = Base; path = Base.lproj/LaunchScreen.storyboard; sourceTree = "<group>"; };
		6F85ABE61E84C488006B04AD /* Info.plist */ = {isa = PBXFileReference; lastKnownFileType = text.plist.xml; path = Info.plist; sourceTree = "<group>"; };
/* End PBXFileReference section */

/* Begin PBXFrameworksBuildPhase section */
		6F85ABD21E84C487006B04AD /* Frameworks */ = {
			isa = PBXFrameworksBuildPhase;
			buildActionMask = 2147483647;
			files = (
			);
			runOnlyForDeploymentPostprocessing = 0;
		};
/* End PBXFrameworksBuildPhase section */

/* Begin PBXGroup section */
		6F85ABCC1E84C487006B04AD = {
			isa = PBXGroup;
			children = (
				6F85ABD71E84C487006B04AD /* CamClient */,
				6F85ABD61E84C487006B04AD /* Products */,
			);
			sourceTree = "<group>";
		};
		6F85ABD61E84C487006B04AD /* Products */ = {
			isa = PBXGroup;
			children = (
				6F85ABD51E84C487006B04AD /* CamClient.app */,
			);
			name = Products;
			sourceTree = "<group>";
		};
		6F85ABD71E84C487006B04AD /* CamClient */ = {
			isa = PBXGroup;
			children = (
				6F85ABD81E84C487006B04AD /* AppDelegate.swift */,
				6F85ABDA1E84C487006B04AD /* MasterViewController.swift */,
				6F85ABDC1E84C488006B04AD /* DetailViewController.swift */,
				6F85ABDE1E84C488006B04AD /* Main.storyboard */,
				6F85ABE11E84C488006B04AD /* Assets.xcassets */,
				6F85ABE31E84C488006B04AD /* LaunchScreen.storyboard */,
				6F85ABE61E84C488006B04AD /* Info.plist */,
			);
			path = CamClient;
			sourceTree = "<group>";
		};
/* End PBXGroup section */

/* Begin PBXNativeTarget section */
		6F85ABD41E84C487006B04AD /* CamClient */ = {
			isa = PBXNativeTarget;
			buildConfigurationList = 6F85ABE91E84C488006B04AD /* Build configuration list for PBXNativeTarget "CamClient" */;
			buildPhases = (
				6F85ABD11E84C487006B04AD /* Sources */,
				6F85ABD21E84C487006B04AD /* Frameworks */,
				6F85ABD31E84C487006B04AD /* Resources */,
			);
			buildRules = (
			);
			dependencies = (
			);
			name = CamClient;
			productName = CamClient;
			productReference = 6F85ABD51E84C487006B04AD /* CamClient.app */;
			productType = "com.apple.product-type.application";
		};
/* End PBXNativeTarget section */

/* Begin PBXProject section */
		6F85ABCD1E84C487006B04AD /* Project object */ = {
			isa = PBXProject;
			attributes = {
				LastSwiftUpdateCheck = 0820;
				LastUpgradeCheck = 0820;
				ORGANIZATIONNAME = hoemoon;
				TargetAttributes = {
					6F85ABD41E84C487006B04AD = {
						CreatedOnToolsVersion = 8.2.1;
						DevelopmentTeam = UJ82UGU342;
						ProvisioningStyle = Automatic;
					};
				};
			};
			buildConfigurationList = 6F85ABD01E84C487006B04AD /* Build configuration list for PBXProject "CamClient" */;
			compatibilityVersion = "Xcode 3.2";
			developmentRegion = English;
			hasScannedForEncodings = 0;
			knownRegions = (
				en,
				Base,
			);
			mainGroup = 6F85ABCC1E84C487006B04AD;
			productRefGroup = 6F85ABD61E84C487006B04AD /* Products */;
			projectDirPath = "";
			projectRoot = "";
			targets = (
				6F85ABD41E84C487006B04AD /* CamClient */,
			);
		};
/* End PBXProject section */

/* Begin PBXResourcesBuildPhase section */
		6F85ABD31E84C487006B04AD /* Resources */ = {
			isa = PBXResourcesBuildPhase;
			buildActionMask = 2147483647;
			files = (
				6F85ABE51E84C488006B04AD /* LaunchScreen.storyboard in Resources */,
				6F85ABE21E84C488006B04AD /* Assets.xcassets in Resources */,
				6F85ABE01E84C488006B04AD /* Main.storyboard in Resources */,
			);
			runOnlyForDeploymentPostprocessing = 0;
		};
/* End PBXResourcesBuildPhase section */

/* Begin PBXSourcesBuildPhase section */
		6F85ABD11E84C487006B04AD /* Sources */ = {
			isa = PBXSourcesBuildPhase;
			buildActionMask = 2147483647;
			files = (
				6F85ABDD1E84C488006B04AD /* DetailViewController.swift in Sources */,
				6F85ABDB1E84C487006B04AD /* MasterViewController.swift in Sources */,
				6F85ABD91E84C487006B04AD /* AppDelegate.swift in Sources */,
			);
			runOnlyForDeploymentPostprocessing = 0;
		};
/* End PBXSourcesBuildPhase section */

/* Begin PBXVariantGroup section */
		6F85ABDE1E84C488006B04AD /* Main.storyboard */ = {
			isa = PBXVariantGroup;
			children = (
				6F85ABDF1E84C488006B04AD /* Base */,
			);
			name = Main.storyboard;
			sourceTree = "<group>";
		};
		6F85ABE31E84C488006B04AD /* LaunchScreen.storyboard */ = {
			isa = PBXVariantGroup;
			children = (
				6F85ABE41E84C488006B04AD /* Base */,
			);
			name = LaunchScreen.storyboard;
			sourceTree = "<group>";
		};
/* End PBXVariantGroup section */

/* Begin XCBuildConfiguration section */
		6F85ABE71E84C488006B04AD /* Debug */ = {
			isa = XCBuildConfiguration;
			buildSettings = {
				ALWAYS_SEARCH_USER_PATHS = NO;
				CLANG_ANALYZER_NONNULL = YES;
				CLANG_CXX_LANGUAGE_STANDARD = "gnu++0x";
				CLANG_CXX_LIBRARY = "libc++";
				CLANG_ENABLE_MODULES = YES;
				CLANG_ENABLE_OBJC_ARC = YES;
				CLANG_WARN_BOOL_CONVERSION = YES;
				CLANG_WARN_CONSTANT_CONVERSION = YES;
				CLANG_WARN_DIRECT_OBJC_ISA_USAGE = YES_ERROR;
				CLANG_WARN_DOCUMENTATION_COMMENTS = YES;
				CLANG_WARN_EMPTY_BODY = YES;
				CLANG_WARN_ENUM_CONVERSION = YES;
				CLANG_WARN_INFINITE_RECURSION = YES;
				CLANG_WARN_INT_CONVERSION = YES;
				CLANG_WARN_OBJC_ROOT_CLASS = YES_ERROR;
				CLANG_WARN_SUSPICIOUS_MOVE = YES;
				CLANG_WARN_UNREACHABLE_CODE = YES;
				CLANG_WARN__DUPLICATE_METHOD_MATCH = YES;
				"CODE_SIGN_IDENTITY[sdk=iphoneos*]" = "iPhone Developer";
				COPY_PHASE_STRIP = NO;
				DEBUG_INFORMATION_FORMAT = dwarf;
				ENABLE_STRICT_OBJC_MSGSEND = YES;
				ENABLE_TESTABILITY = YES;
				GCC_C_LANGUAGE_STANDARD = gnu99;
				GCC_DYNAMIC_NO_PIC = NO;
				GCC_NO_COMMON_BLOCKS = YES;
				GCC_OPTIMIZATION_LEVEL = 0;
				GCC_PREPROCESSOR_DEFINITIONS = (
					"DEBUG=1",
					"$(inherited)",
				);
				GCC_WARN_64_TO_32_BIT_CONVERSION = YES;
				GCC_WARN_ABOUT_RETURN_TYPE = YES_ERROR;
				GCC_WARN_UNDECLARED_SELECTOR = YES;
				GCC_WARN_UNINITIALIZED_AUTOS = YES_AGGRESSIVE;
				GCC_WARN_UNUSED_FUNCTION = YES;
				GCC_WARN_UNUSED_VARIABLE = YES;
				IPHONEOS_DEPLOYMENT_TARGET = 10.2;
				MTL_ENABLE_DEBUG_INFO = YES;
				ONLY_ACTIVE_ARCH = YES;
				SDKROOT = iphoneos;
				SWIFT_ACTIVE_COMPILATION_CONDITIONS = DEBUG;
				SWIFT_OPTIMIZATION_LEVEL = "-Onone";
			};
			name = Debug;
		};
		6F85ABE81E84C488006B04AD /* Release */ = {
			isa = XCBuildConfiguration;
			buildSettings = {
				ALWAYS_SEARCH_USER_PATHS = NO;
				CLANG_ANALYZER_NONNULL = YES;
				CLANG_CXX_LANGUAGE_STANDARD = "gnu++0x";
				CLANG_CXX_LIBRARY = "libc++";
				CLANG_ENABLE_MODULES = YES;
				CLANG_ENABLE_OBJC_ARC = YES;
				CLANG_WARN_BOOL_CONVERSION = YES;
				CLANG_WARN_CONSTANT_CONVERSION = YES;
				CLANG_WARN_DIRECT_OBJC_ISA_USAGE = YES_ERROR;
				CLANG_WARN_DOCUMENTATION_COMMENTS = YES;
				CLANG_WARN_EMPTY_BODY = YES;
				CLANG_WARN_ENUM_CONVERSION = YES;
				CLANG_WARN_INFINITE_RECURSION = YES;
				CLANG_WARN_INT_CONVERSION = YES;
				CLANG_WARN_OBJC_ROOT_CLASS = YES_ERROR;
				CLANG_WARN_SUSPICIOUS_MOVE = YES;
				CLANG_WARN_UNREACHABLE_CODE = YES;
				CLANG_WARN__DUPLICATE_METHOD_MATCH = YES;
				"CODE_SIGN_IDENTITY[sdk=iphoneos*]" = "iPhone Developer";
				COPY_PHASE_STRIP = NO;
				DEBUG_INFORMATION_FORMAT = "dwarf-with-dsym";
				ENABLE_NS_ASSERTIONS = NO;
				ENABLE_STRICT_OBJC_MSGSEND = YES;
				GCC_C_LANGUAGE_STANDARD = gnu99;
				GCC_NO_COMMON_BLOCKS = YES;
				GCC_WARN_64_TO_32_BIT_CONVERSION = YES;
				GCC_WARN_ABOUT_RETURN_TYPE = YES_ERROR;
				GCC_WARN_UNDECLARED_SELECTOR = YES;
				GCC_WARN_UNINITIALIZED_AUTOS = YES_AGGRESSIVE;
				GCC_WARN_UNUSED_FUNCTION = YES;
				GCC_WARN_UNUSED_VARIABLE = YES;
				IPHONEOS_DEPLOYMENT_TARGET = 10.2;
				MTL_ENABLE_DEBUG_INFO = NO;
				SDKROOT = iphoneos;
				SWIFT_OPTIMIZATION_LEVEL = "-Owholemodule";
				VALIDATE_PRODUCT = YES;
			};
			name = Release;
		};
		6F85ABEA1E84C488006B04AD /* Debug */ = {
			isa = XCBuildConfiguration;
			buildSettings = {
				ASSETCATALOG_COMPILER_APPICON_NAME = AppIcon;
				DEVELOPMENT_TEAM = UJ82UGU342;
				INFOPLIST_FILE = CamClient/Info.plist;
				LD_RUNPATH_SEARCH_PATHS = "$(inherited) @executable_path/Frameworks";
				PRODUCT_BUNDLE_IDENTIFIER = hoemoon.CamClient;
				PRODUCT_NAME = "$(TARGET_NAME)";
				SWIFT_VERSION = 3.0;
			};
			name = Debug;
		};
		6F85ABEB1E84C488006B04AD /* Release */ = {
			isa = XCBuildConfiguration;
			buildSettings = {
				ASSETCATALOG_COMPILER_APPICON_NAME = AppIcon;
				DEVELOPMENT_TEAM = UJ82UGU342;
				INFOPLIST_FILE = CamClient/Info.plist;
				LD_RUNPATH_SEARCH_PATHS = "$(inherited) @executable_path/Frameworks";
				PRODUCT_BUNDLE_IDENTIFIER = hoemoon.CamClient;
				PRODUCT_NAME = "$(TARGET_NAME)";
				SWIFT_VERSION = 3.0;
			};
			name = Release;
		};
/* End XCBuildConfiguration section */

/* Begin XCConfigurationList section */
		6F85ABD01E84C487006B04AD /* Build configuration list for PBXProject "CamClient" */ = {
			isa = XCConfigurationList;
			buildConfigurations = (
				6F85ABE71E84C488006B04AD /* Debug */,
				6F85ABE81E84C488006B04AD /* Release */,
			);
			defaultConfigurationIsVisible = 0;
			defaultConfigurationName = Release;
		};
		6F85ABE91E84C488006B04AD /* Build configuration list for PBXNativeTarget "CamClient" */ = {
			isa = XCConfigurationList;
			buildConfigurations = (
				6F85ABEA1E84C488006B04AD /* Debug */,
				6F85ABEB1E84C488006B04AD /* Release */,
			);
			defaultConfigurationIsVisible = 0;
		};
/* End XCConfigurationList section */
	};
	rootObject = 6F85ABCD1E84C487006B04AD /* Project object */;
}
