// !$*UTF8*$!
{
	archiveVersion = 1;
	classes = {
	};
	objectVersion = 46;
	objects = {

/* Begin PBXBuildFile section */
		6FC766611E7BAB9000FB26A7 /* AppDelegate.swift in Sources */ = {isa = PBXBuildFile; fileRef = 6FC766601E7BAB9000FB26A7 /* AppDelegate.swift */; };
		6FC766631E7BAB9000FB26A7 /* ViewController.swift in Sources */ = {isa = PBXBuildFile; fileRef = 6FC766621E7BAB9000FB26A7 /* ViewController.swift */; };
		6FC766661E7BAB9000FB26A7 /* Main.storyboard in Resources */ = {isa = PBXBuildFile; fileRef = 6FC766641E7BAB9000FB26A7 /* Main.storyboard */; };
		6FC766681E7BAB9000FB26A7 /* Assets.xcassets in Resources */ = {isa = PBXBuildFile; fileRef = 6FC766671E7BAB9000FB26A7 /* Assets.xcassets */; };
		6FC7666B1E7BAB9000FB26A7 /* LaunchScreen.storyboard in Resources */ = {isa = PBXBuildFile; fileRef = 6FC766691E7BAB9000FB26A7 /* LaunchScreen.storyboard */; };
/* End PBXBuildFile section */

/* Begin PBXFileReference section */
		6FC7665D1E7BAB9000FB26A7 /* MyApple.app */ = {isa = PBXFileReference; explicitFileType = wrapper.application; includeInIndex = 0; path = MyApple.app; sourceTree = BUILT_PRODUCTS_DIR; };
		6FC766601E7BAB9000FB26A7 /* AppDelegate.swift */ = {isa = PBXFileReference; lastKnownFileType = sourcecode.swift; path = AppDelegate.swift; sourceTree = "<group>"; };
		6FC766621E7BAB9000FB26A7 /* ViewController.swift */ = {isa = PBXFileReference; lastKnownFileType = sourcecode.swift; path = ViewController.swift; sourceTree = "<group>"; };
		6FC766651E7BAB9000FB26A7 /* Base */ = {isa = PBXFileReference; lastKnownFileType = file.storyboard; name = Base; path = Base.lproj/Main.storyboard; sourceTree = "<group>"; };
		6FC766671E7BAB9000FB26A7 /* Assets.xcassets */ = {isa = PBXFileReference; lastKnownFileType = folder.assetcatalog; path = Assets.xcassets; sourceTree = "<group>"; };
		6FC7666A1E7BAB9000FB26A7 /* Base */ = {isa = PBXFileReference; lastKnownFileType = file.storyboard; name = Base; path = Base.lproj/LaunchScreen.storyboard; sourceTree = "<group>"; };
		6FC7666C1E7BAB9000FB26A7 /* Info.plist */ = {isa = PBXFileReference; lastKnownFileType = text.plist.xml; path = Info.plist; sourceTree = "<group>"; };
/* End PBXFileReference section */

/* Begin PBXFrameworksBuildPhase section */
		6FC7665A1E7BAB9000FB26A7 /* Frameworks */ = {
			isa = PBXFrameworksBuildPhase;
			buildActionMask = 2147483647;
			files = (
			);
			runOnlyForDeploymentPostprocessing = 0;
		};
/* End PBXFrameworksBuildPhase section */

/* Begin PBXGroup section */
		6FC766541E7BAB9000FB26A7 = {
			isa = PBXGroup;
			children = (
				6FC7665F1E7BAB9000FB26A7 /* MyApple */,
				6FC7665E1E7BAB9000FB26A7 /* Products */,
			);
			sourceTree = "<group>";
		};
		6FC7665E1E7BAB9000FB26A7 /* Products */ = {
			isa = PBXGroup;
			children = (
				6FC7665D1E7BAB9000FB26A7 /* MyApple.app */,
			);
			name = Products;
			sourceTree = "<group>";
		};
		6FC7665F1E7BAB9000FB26A7 /* MyApple */ = {
			isa = PBXGroup;
			children = (
				6FC766601E7BAB9000FB26A7 /* AppDelegate.swift */,
				6FC766621E7BAB9000FB26A7 /* ViewController.swift */,
				6FC766641E7BAB9000FB26A7 /* Main.storyboard */,
				6FC766671E7BAB9000FB26A7 /* Assets.xcassets */,
				6FC766691E7BAB9000FB26A7 /* LaunchScreen.storyboard */,
				6FC7666C1E7BAB9000FB26A7 /* Info.plist */,
			);
			path = MyApple;
			sourceTree = "<group>";
		};
/* End PBXGroup section */

/* Begin PBXNativeTarget section */
		6FC7665C1E7BAB9000FB26A7 /* MyApple */ = {
			isa = PBXNativeTarget;
			buildConfigurationList = 6FC7666F1E7BAB9000FB26A7 /* Build configuration list for PBXNativeTarget "MyApple" */;
			buildPhases = (
				6FC766591E7BAB9000FB26A7 /* Sources */,
				6FC7665A1E7BAB9000FB26A7 /* Frameworks */,
				6FC7665B1E7BAB9000FB26A7 /* Resources */,
			);
			buildRules = (
			);
			dependencies = (
			);
			name = MyApple;
			productName = MyApple;
			productReference = 6FC7665D1E7BAB9000FB26A7 /* MyApple.app */;
			productType = "com.apple.product-type.application";
		};
/* End PBXNativeTarget section */

/* Begin PBXProject section */
		6FC766551E7BAB9000FB26A7 /* Project object */ = {
			isa = PBXProject;
			attributes = {
				LastSwiftUpdateCheck = 0820;
				LastUpgradeCheck = 0820;
				ORGANIZATIONNAME = hoemoon;
				TargetAttributes = {
					6FC7665C1E7BAB9000FB26A7 = {
						CreatedOnToolsVersion = 8.2.1;
						DevelopmentTeam = UJ82UGU342;
						ProvisioningStyle = Automatic;
					};
				};
			};
			buildConfigurationList = 6FC766581E7BAB9000FB26A7 /* Build configuration list for PBXProject "MyApple" */;
			compatibilityVersion = "Xcode 3.2";
			developmentRegion = English;
			hasScannedForEncodings = 0;
			knownRegions = (
				en,
				Base,
			);
			mainGroup = 6FC766541E7BAB9000FB26A7;
			productRefGroup = 6FC7665E1E7BAB9000FB26A7 /* Products */;
			projectDirPath = "";
			projectRoot = "";
			targets = (
				6FC7665C1E7BAB9000FB26A7 /* MyApple */,
			);
		};
/* End PBXProject section */

/* Begin PBXResourcesBuildPhase section */
		6FC7665B1E7BAB9000FB26A7 /* Resources */ = {
			isa = PBXResourcesBuildPhase;
			buildActionMask = 2147483647;
			files = (
				6FC7666B1E7BAB9000FB26A7 /* LaunchScreen.storyboard in Resources */,
				6FC766681E7BAB9000FB26A7 /* Assets.xcassets in Resources */,
				6FC766661E7BAB9000FB26A7 /* Main.storyboard in Resources */,
			);
			runOnlyForDeploymentPostprocessing = 0;
		};
/* End PBXResourcesBuildPhase section */

/* Begin PBXSourcesBuildPhase section */
		6FC766591E7BAB9000FB26A7 /* Sources */ = {
			isa = PBXSourcesBuildPhase;
			buildActionMask = 2147483647;
			files = (
				6FC766631E7BAB9000FB26A7 /* ViewController.swift in Sources */,
				6FC766611E7BAB9000FB26A7 /* AppDelegate.swift in Sources */,
			);
			runOnlyForDeploymentPostprocessing = 0;
		};
/* End PBXSourcesBuildPhase section */

/* Begin PBXVariantGroup section */
		6FC766641E7BAB9000FB26A7 /* Main.storyboard */ = {
			isa = PBXVariantGroup;
			children = (
				6FC766651E7BAB9000FB26A7 /* Base */,
			);
			name = Main.storyboard;
			sourceTree = "<group>";
		};
		6FC766691E7BAB9000FB26A7 /* LaunchScreen.storyboard */ = {
			isa = PBXVariantGroup;
			children = (
				6FC7666A1E7BAB9000FB26A7 /* Base */,
			);
			name = LaunchScreen.storyboard;
			sourceTree = "<group>";
		};
/* End PBXVariantGroup section */

/* Begin XCBuildConfiguration section */
		6FC7666D1E7BAB9000FB26A7 /* Debug */ = {
			isa = XCBuildConfiguration;
			buildSettings = {
				ALWAYS_SEARCH_USER_PATHS = NO;
				CLANG_ANALYZER_NONNULL = YES;
				CLANG_CXX_LANGUAGE_STANDARD = "gnu++0x";
				CLANG_CXX_LIBRARY = "libc++";
				CLANG_ENABLE_MODULES = YES;
				CLANG_ENABLE_OBJC_ARC = YES;
				CLANG_WARN_BOOL_CONVERSION = YES;
				CLANG_WARN_CONSTANT_CONVERSION = YES;
				CLANG_WARN_DIRECT_OBJC_ISA_USAGE = YES_ERROR;
				CLANG_WARN_DOCUMENTATION_COMMENTS = YES;
				CLANG_WARN_EMPTY_BODY = YES;
				CLANG_WARN_ENUM_CONVERSION = YES;
				CLANG_WARN_INFINITE_RECURSION = YES;
				CLANG_WARN_INT_CONVERSION = YES;
				CLANG_WARN_OBJC_ROOT_CLASS = YES_ERROR;
				CLANG_WARN_SUSPICIOUS_MOVE = YES;
				CLANG_WARN_UNREACHABLE_CODE = YES;
				CLANG_WARN__DUPLICATE_METHOD_MATCH = YES;
				"CODE_SIGN_IDENTITY[sdk=iphoneos*]" = "iPhone Developer";
				COPY_PHASE_STRIP = NO;
				DEBUG_INFORMATION_FORMAT = dwarf;
				ENABLE_STRICT_OBJC_MSGSEND = YES;
				ENABLE_TESTABILITY = YES;
				GCC_C_LANGUAGE_STANDARD = gnu99;
				GCC_DYNAMIC_NO_PIC = NO;
				GCC_NO_COMMON_BLOCKS = YES;
				GCC_OPTIMIZATION_LEVEL = 0;
				GCC_PREPROCESSOR_DEFINITIONS = (
					"DEBUG=1",
					"$(inherited)",
				);
				GCC_WARN_64_TO_32_BIT_CONVERSION = YES;
				GCC_WARN_ABOUT_RETURN_TYPE = YES_ERROR;
				GCC_WARN_UNDECLARED_SELECTOR = YES;
				GCC_WARN_UNINITIALIZED_AUTOS = YES_AGGRESSIVE;
				GCC_WARN_UNUSED_FUNCTION = YES;
				GCC_WARN_UNUSED_VARIABLE = YES;
				IPHONEOS_DEPLOYMENT_TARGET = 10.2;
				MTL_ENABLE_DEBUG_INFO = YES;
				ONLY_ACTIVE_ARCH = YES;
				SDKROOT = iphoneos;
				SWIFT_ACTIVE_COMPILATION_CONDITIONS = DEBUG;
				SWIFT_OPTIMIZATION_LEVEL = "-Onone";
			};
			name = Debug;
		};
		6FC7666E1E7BAB9000FB26A7 /* Release */ = {
			isa = XCBuildConfiguration;
			buildSettings = {
				ALWAYS_SEARCH_USER_PATHS = NO;
				CLANG_ANALYZER_NONNULL = YES;
				CLANG_CXX_LANGUAGE_STANDARD = "gnu++0x";
				CLANG_CXX_LIBRARY = "libc++";
				CLANG_ENABLE_MODULES = YES;
				CLANG_ENABLE_OBJC_ARC = YES;
				CLANG_WARN_BOOL_CONVERSION = YES;
				CLANG_WARN_CONSTANT_CONVERSION = YES;
				CLANG_WARN_DIRECT_OBJC_ISA_USAGE = YES_ERROR;
				CLANG_WARN_DOCUMENTATION_COMMENTS = YES;
				CLANG_WARN_EMPTY_BODY = YES;
				CLANG_WARN_ENUM_CONVERSION = YES;
				CLANG_WARN_INFINITE_RECURSION = YES;
				CLANG_WARN_INT_CONVERSION = YES;
				CLANG_WARN_OBJC_ROOT_CLASS = YES_ERROR;
				CLANG_WARN_SUSPICIOUS_MOVE = YES;
				CLANG_WARN_UNREACHABLE_CODE = YES;
				CLANG_WARN__DUPLICATE_METHOD_MATCH = YES;
				"CODE_SIGN_IDENTITY[sdk=iphoneos*]" = "iPhone Developer";
				COPY_PHASE_STRIP = NO;
				DEBUG_INFORMATION_FORMAT = "dwarf-with-dsym";
				ENABLE_NS_ASSERTIONS = NO;
				ENABLE_STRICT_OBJC_MSGSEND = YES;
				GCC_C_LANGUAGE_STANDARD = gnu99;
				GCC_NO_COMMON_BLOCKS = YES;
				GCC_WARN_64_TO_32_BIT_CONVERSION = YES;
				GCC_WARN_ABOUT_RETURN_TYPE = YES_ERROR;
				GCC_WARN_UNDECLARED_SELECTOR = YES;
				GCC_WARN_UNINITIALIZED_AUTOS = YES_AGGRESSIVE;
				GCC_WARN_UNUSED_FUNCTION = YES;
				GCC_WARN_UNUSED_VARIABLE = YES;
				IPHONEOS_DEPLOYMENT_TARGET = 10.2;
				MTL_ENABLE_DEBUG_INFO = NO;
				SDKROOT = iphoneos;
				SWIFT_OPTIMIZATION_LEVEL = "-Owholemodule";
				VALIDATE_PRODUCT = YES;
			};
			name = Release;
		};
		6FC766701E7BAB9000FB26A7 /* Debug */ = {
			isa = XCBuildConfiguration;
			buildSettings = {
				ASSETCATALOG_COMPILER_APPICON_NAME = AppIcon;
				DEVELOPMENT_TEAM = UJ82UGU342;
				INFOPLIST_FILE = MyApple/Info.plist;
				LD_RUNPATH_SEARCH_PATHS = "$(inherited) @executable_path/Frameworks";
				PRODUCT_BUNDLE_IDENTIFIER = hoemoon.MyApple;
				PRODUCT_NAME = "$(TARGET_NAME)";
				SWIFT_VERSION = 3.0;
			};
			name = Debug;
		};
		6FC766711E7BAB9000FB26A7 /* Release */ = {
			isa = XCBuildConfiguration;
			buildSettings = {
				ASSETCATALOG_COMPILER_APPICON_NAME = AppIcon;
				DEVELOPMENT_TEAM = UJ82UGU342;
				INFOPLIST_FILE = MyApple/Info.plist;
				LD_RUNPATH_SEARCH_PATHS = "$(inherited) @executable_path/Frameworks";
				PRODUCT_BUNDLE_IDENTIFIER = hoemoon.MyApple;
				PRODUCT_NAME = "$(TARGET_NAME)";
				SWIFT_VERSION = 3.0;
			};
			name = Release;
		};
/* End XCBuildConfiguration section */

/* Begin XCConfigurationList section */
		6FC766581E7BAB9000FB26A7 /* Build configuration list for PBXProject "MyApple" */ = {
			isa = XCConfigurationList;
			buildConfigurations = (
				6FC7666D1E7BAB9000FB26A7 /* Debug */,
				6FC7666E1E7BAB9000FB26A7 /* Release */,
			);
			defaultConfigurationIsVisible = 0;
			defaultConfigurationName = Release;
		};
		6FC7666F1E7BAB9000FB26A7 /* Build configuration list for PBXNativeTarget "MyApple" */ = {
			isa = XCConfigurationList;
			buildConfigurations = (
				6FC766701E7BAB9000FB26A7 /* Debug */,
				6FC766711E7BAB9000FB26A7 /* Release */,
			);
			defaultConfigurationIsVisible = 0;
		};
/* End XCConfigurationList section */
	};
	rootObject = 6FC766551E7BAB9000FB26A7 /* Project object */;
}
