// !$*UTF8*$!
{
	archiveVersion = 1;
	classes = {
	};
	objectVersion = 46;
	objects = {

/* Begin PBXBuildFile section */
		6F68AB421E77E213003A4FE2 /* main.swift in Sources */ = {isa = PBXBuildFile; fileRef = 6F68AB411E77E213003A4FE2 /* main.swift */; };
		6F68AB491E77E23C003A4FE2 /* CXPen.swift in Sources */ = {isa = PBXBuildFile; fileRef = 6F68AB481E77E23C003A4FE2 /* CXPen.swift */; };
		6F68AB4B1E77E24D003A4FE2 /* PenHolder.swift in Sources */ = {isa = PBXBuildFile; fileRef = 6F68AB4A1E77E24D003A4FE2 /* PenHolder.swift */; };
		6FC766231E78DEAF00FB26A7 /* CXMonamiPen.swift in Sources */ = {isa = PBXBuildFile; fileRef = 6FC766221E78DEAF00FB26A7 /* CXMonamiPen.swift */; };
		6FC766271E78EB0600FB26A7 /* CXSharpPen.swift in Sources */ = {isa = PBXBuildFile; fileRef = 6FC766261E78EB0600FB26A7 /* CXSharpPen.swift */; };
/* End PBXBuildFile section */

/* Begin PBXCopyFilesBuildPhase section */
		6F68AB3C1E77E213003A4FE2 /* CopyFiles */ = {
			isa = PBXCopyFilesBuildPhase;
			buildActionMask = 2147483647;
			dstPath = /usr/share/man/man1/;
			dstSubfolderSpec = 0;
			files = (
			);
			runOnlyForDeploymentPostprocessing = 1;
		};
/* End PBXCopyFilesBuildPhase section */

/* Begin PBXFileReference section */
		6F68AB3E1E77E213003A4FE2 /* PenPineAppleApplePen */ = {isa = PBXFileReference; explicitFileType = "compiled.mach-o.executable"; includeInIndex = 0; path = PenPineAppleApplePen; sourceTree = BUILT_PRODUCTS_DIR; };
		6F68AB411E77E213003A4FE2 /* main.swift */ = {isa = PBXFileReference; lastKnownFileType = sourcecode.swift; path = main.swift; sourceTree = "<group>"; };
		6F68AB481E77E23C003A4FE2 /* CXPen.swift */ = {isa = PBXFileReference; fileEncoding = 4; lastKnownFileType = sourcecode.swift; path = CXPen.swift; sourceTree = "<group>"; };
		6F68AB4A1E77E24D003A4FE2 /* PenHolder.swift */ = {isa = PBXFileReference; fileEncoding = 4; lastKnownFileType = sourcecode.swift; path = PenHolder.swift; sourceTree = "<group>"; };
		6FC766221E78DEAF00FB26A7 /* CXMonamiPen.swift */ = {isa = PBXFileReference; fileEncoding = 4; lastKnownFileType = sourcecode.swift; path = CXMonamiPen.swift; sourceTree = "<group>"; };
		6FC766261E78EB0600FB26A7 /* CXSharpPen.swift */ = {isa = PBXFileReference; fileEncoding = 4; lastKnownFileType = sourcecode.swift; path = CXSharpPen.swift; sourceTree = "<group>"; };
/* End PBXFileReference section */

/* Begin PBXFrameworksBuildPhase section */
		6F68AB3B1E77E213003A4FE2 /* Frameworks */ = {
			isa = PBXFrameworksBuildPhase;
			buildActionMask = 2147483647;
			files = (
			);
			runOnlyForDeploymentPostprocessing = 0;
		};
/* End PBXFrameworksBuildPhase section */

/* Begin PBXGroup section */
		6F68AB351E77E213003A4FE2 = {
			isa = PBXGroup;
			children = (
				6F68AB401E77E213003A4FE2 /* PenPineAppleApplePen */,
				6F68AB3F1E77E213003A4FE2 /* Products */,
			);
			sourceTree = "<group>";
		};
		6F68AB3F1E77E213003A4FE2 /* Products */ = {
			isa = PBXGroup;
			children = (
				6F68AB3E1E77E213003A4FE2 /* PenPineAppleApplePen */,
			);
			name = Products;
			sourceTree = "<group>";
		};
		6F68AB401E77E213003A4FE2 /* PenPineAppleApplePen */ = {
			isa = PBXGroup;
			children = (
				6F68AB411E77E213003A4FE2 /* main.swift */,
				6F68AB481E77E23C003A4FE2 /* CXPen.swift */,
				6F68AB4A1E77E24D003A4FE2 /* PenHolder.swift */,
				6FC766221E78DEAF00FB26A7 /* CXMonamiPen.swift */,
				6FC766261E78EB0600FB26A7 /* CXSharpPen.swift */,
			);
			path = PenPineAppleApplePen;
			sourceTree = "<group>";
		};
/* End PBXGroup section */

/* Begin PBXNativeTarget section */
		6F68AB3D1E77E213003A4FE2 /* PenPineAppleApplePen */ = {
			isa = PBXNativeTarget;
			buildConfigurationList = 6F68AB451E77E213003A4FE2 /* Build configuration list for PBXNativeTarget "PenPineAppleApplePen" */;
			buildPhases = (
				6F68AB3A1E77E213003A4FE2 /* Sources */,
				6F68AB3B1E77E213003A4FE2 /* Frameworks */,
				6F68AB3C1E77E213003A4FE2 /* CopyFiles */,
			);
			buildRules = (
			);
			dependencies = (
			);
			name = PenPineAppleApplePen;
			productName = PenPineAppleApplePen;
			productReference = 6F68AB3E1E77E213003A4FE2 /* PenPineAppleApplePen */;
			productType = "com.apple.product-type.tool";
		};
/* End PBXNativeTarget section */

/* Begin PBXProject section */
		6F68AB361E77E213003A4FE2 /* Project object */ = {
			isa = PBXProject;
			attributes = {
				LastSwiftUpdateCheck = 0820;
				LastUpgradeCheck = 0820;
				ORGANIZATIONNAME = hoemoon;
				TargetAttributes = {
					6F68AB3D1E77E213003A4FE2 = {
						CreatedOnToolsVersion = 8.2.1;
						DevelopmentTeam = UJ82UGU342;
						ProvisioningStyle = Automatic;
					};
				};
			};
			buildConfigurationList = 6F68AB391E77E213003A4FE2 /* Build configuration list for PBXProject "PenPineAppleApplePen" */;
			compatibilityVersion = "Xcode 3.2";
			developmentRegion = English;
			hasScannedForEncodings = 0;
			knownRegions = (
				en,
			);
			mainGroup = 6F68AB351E77E213003A4FE2;
			productRefGroup = 6F68AB3F1E77E213003A4FE2 /* Products */;
			projectDirPath = "";
			projectRoot = "";
			targets = (
				6F68AB3D1E77E213003A4FE2 /* PenPineAppleApplePen */,
			);
		};
/* End PBXProject section */

/* Begin PBXSourcesBuildPhase section */
		6F68AB3A1E77E213003A4FE2 /* Sources */ = {
			isa = PBXSourcesBuildPhase;
			buildActionMask = 2147483647;
			files = (
				6F68AB4B1E77E24D003A4FE2 /* PenHolder.swift in Sources */,
				6F68AB491E77E23C003A4FE2 /* CXPen.swift in Sources */,
				6FC766271E78EB0600FB26A7 /* CXSharpPen.swift in Sources */,
				6F68AB421E77E213003A4FE2 /* main.swift in Sources */,
				6FC766231E78DEAF00FB26A7 /* CXMonamiPen.swift in Sources */,
			);
			runOnlyForDeploymentPostprocessing = 0;
		};
/* End PBXSourcesBuildPhase section */

/* Begin XCBuildConfiguration section */
		6F68AB431E77E213003A4FE2 /* Debug */ = {
			isa = XCBuildConfiguration;
			buildSettings = {
				ALWAYS_SEARCH_USER_PATHS = NO;
				CLANG_ANALYZER_NONNULL = YES;
				CLANG_CXX_LANGUAGE_STANDARD = "gnu++0x";
				CLANG_CXX_LIBRARY = "libc++";
				CLANG_ENABLE_MODULES = YES;
				CLANG_ENABLE_OBJC_ARC = YES;
				CLANG_WARN_BOOL_CONVERSION = YES;
				CLANG_WARN_CONSTANT_CONVERSION = YES;
				CLANG_WARN_DIRECT_OBJC_ISA_USAGE = YES_ERROR;
				CLANG_WARN_DOCUMENTATION_COMMENTS = YES;
				CLANG_WARN_EMPTY_BODY = YES;
				CLANG_WARN_ENUM_CONVERSION = YES;
				CLANG_WARN_INFINITE_RECURSION = YES;
				CLANG_WARN_INT_CONVERSION = YES;
				CLANG_WARN_OBJC_ROOT_CLASS = YES_ERROR;
				CLANG_WARN_SUSPICIOUS_MOVE = YES;
				CLANG_WARN_UNREACHABLE_CODE = YES;
				CLANG_WARN__DUPLICATE_METHOD_MATCH = YES;
				CODE_SIGN_IDENTITY = "-";
				COPY_PHASE_STRIP = NO;
				DEBUG_INFORMATION_FORMAT = dwarf;
				ENABLE_STRICT_OBJC_MSGSEND = YES;
				ENABLE_TESTABILITY = YES;
				GCC_C_LANGUAGE_STANDARD = gnu99;
				GCC_DYNAMIC_NO_PIC = NO;
				GCC_NO_COMMON_BLOCKS = YES;
				GCC_OPTIMIZATION_LEVEL = 0;
				GCC_PREPROCESSOR_DEFINITIONS = (
					"DEBUG=1",
					"$(inherited)",
				);
				GCC_WARN_64_TO_32_BIT_CONVERSION = YES;
				GCC_WARN_ABOUT_RETURN_TYPE = YES_ERROR;
				GCC_WARN_UNDECLARED_SELECTOR = YES;
				GCC_WARN_UNINITIALIZED_AUTOS = YES_AGGRESSIVE;
				GCC_WARN_UNUSED_FUNCTION = YES;
				GCC_WARN_UNUSED_VARIABLE = YES;
				MACOSX_DEPLOYMENT_TARGET = 10.12;
				MTL_ENABLE_DEBUG_INFO = YES;
				ONLY_ACTIVE_ARCH = YES;
				SDKROOT = macosx;
				SWIFT_OPTIMIZATION_LEVEL = "-Onone";
			};
			name = Debug;
		};
		6F68AB441E77E213003A4FE2 /* Release */ = {
			isa = XCBuildConfiguration;
			buildSettings = {
				ALWAYS_SEARCH_USER_PATHS = NO;
				CLANG_ANALYZER_NONNULL = YES;
				CLANG_CXX_LANGUAGE_STANDARD = "gnu++0x";
				CLANG_CXX_LIBRARY = "libc++";
				CLANG_ENABLE_MODULES = YES;
				CLANG_ENABLE_OBJC_ARC = YES;
				CLANG_WARN_BOOL_CONVERSION = YES;
				CLANG_WARN_CONSTANT_CONVERSION = YES;
				CLANG_WARN_DIRECT_OBJC_ISA_USAGE = YES_ERROR;
				CLANG_WARN_DOCUMENTATION_COMMENTS = YES;
				CLANG_WARN_EMPTY_BODY = YES;
				CLANG_WARN_ENUM_CONVERSION = YES;
				CLANG_WARN_INFINITE_RECURSION = YES;
				CLANG_WARN_INT_CONVERSION = YES;
				CLANG_WARN_OBJC_ROOT_CLASS = YES_ERROR;
				CLANG_WARN_SUSPICIOUS_MOVE = YES;
				CLANG_WARN_UNREACHABLE_CODE = YES;
				CLANG_WARN__DUPLICATE_METHOD_MATCH = YES;
				CODE_SIGN_IDENTITY = "-";
				COPY_PHASE_STRIP = NO;
				DEBUG_INFORMATION_FORMAT = "dwarf-with-dsym";
				ENABLE_NS_ASSERTIONS = NO;
				ENABLE_STRICT_OBJC_MSGSEND = YES;
				GCC_C_LANGUAGE_STANDARD = gnu99;
				GCC_NO_COMMON_BLOCKS = YES;
				GCC_WARN_64_TO_32_BIT_CONVERSION = YES;
				GCC_WARN_ABOUT_RETURN_TYPE = YES_ERROR;
				GCC_WARN_UNDECLARED_SELECTOR = YES;
				GCC_WARN_UNINITIALIZED_AUTOS = YES_AGGRESSIVE;
				GCC_WARN_UNUSED_FUNCTION = YES;
				GCC_WARN_UNUSED_VARIABLE = YES;
				MACOSX_DEPLOYMENT_TARGET = 10.12;
				MTL_ENABLE_DEBUG_INFO = NO;
				SDKROOT = macosx;
			};
			name = Release;
		};
		6F68AB461E77E213003A4FE2 /* Debug */ = {
			isa = XCBuildConfiguration;
			buildSettings = {
				DEVELOPMENT_TEAM = UJ82UGU342;
				PRODUCT_NAME = "$(TARGET_NAME)";
				SWIFT_VERSION = 3.0;
			};
			name = Debug;
		};
		6F68AB471E77E213003A4FE2 /* Release */ = {
			isa = XCBuildConfiguration;
			buildSettings = {
				DEVELOPMENT_TEAM = UJ82UGU342;
				PRODUCT_NAME = "$(TARGET_NAME)";
				SWIFT_VERSION = 3.0;
			};
			name = Release;
		};
/* End XCBuildConfiguration section */

/* Begin XCConfigurationList section */
		6F68AB391E77E213003A4FE2 /* Build configuration list for PBXProject "PenPineAppleApplePen" */ = {
			isa = XCConfigurationList;
			buildConfigurations = (
				6F68AB431E77E213003A4FE2 /* Debug */,
				6F68AB441E77E213003A4FE2 /* Release */,
			);
			defaultConfigurationIsVisible = 0;
			defaultConfigurationName = Release;
		};
		6F68AB451E77E213003A4FE2 /* Build configuration list for PBXNativeTarget "PenPineAppleApplePen" */ = {
			isa = XCConfigurationList;
			buildConfigurations = (
				6F68AB461E77E213003A4FE2 /* Debug */,
				6F68AB471E77E213003A4FE2 /* Release */,
			);
			defaultConfigurationIsVisible = 0;
			defaultConfigurationName = Release;
		};
/* End XCConfigurationList section */
	};
	rootObject = 6F68AB361E77E213003A4FE2 /* Project object */;
}
