// !$*UTF8*$!
{
	archiveVersion = 1;
	classes = {
	};
	objectVersion = 46;
	objects = {

/* Begin PBXBuildFile section */
		6F6133FD1E261AC9009C0060 /* AppDelegate.swift in Sources */ = {isa = PBXBuildFile; fileRef = 6F6133FC1E261AC9009C0060 /* AppDelegate.swift */; };
		6F6133FF1E261AC9009C0060 /* ViewController.swift in Sources */ = {isa = PBXBuildFile; fileRef = 6F6133FE1E261AC9009C0060 /* ViewController.swift */; };
		6F6134021E261AC9009C0060 /* Main.storyboard in Resources */ = {isa = PBXBuildFile; fileRef = 6F6134001E261AC9009C0060 /* Main.storyboard */; };
		6F6134041E261AC9009C0060 /* Assets.xcassets in Resources */ = {isa = PBXBuildFile; fileRef = 6F6134031E261AC9009C0060 /* Assets.xcassets */; };
		6F6134071E261AC9009C0060 /* LaunchScreen.storyboard in Resources */ = {isa = PBXBuildFile; fileRef = 6F6134051E261AC9009C0060 /* LaunchScreen.storyboard */; };
/* End PBXBuildFile section */

/* Begin PBXFileReference section */
		6F6133F91E261AC9009C0060 /* Convertor.app */ = {isa = PBXFileReference; explicitFileType = wrapper.application; includeInIndex = 0; path = Convertor.app; sourceTree = BUILT_PRODUCTS_DIR; };
		6F6133FC1E261AC9009C0060 /* AppDelegate.swift */ = {isa = PBXFileReference; lastKnownFileType = sourcecode.swift; path = AppDelegate.swift; sourceTree = "<group>"; };
		6F6133FE1E261AC9009C0060 /* ViewController.swift */ = {isa = PBXFileReference; lastKnownFileType = sourcecode.swift; path = ViewController.swift; sourceTree = "<group>"; };
		6F6134011E261AC9009C0060 /* Base */ = {isa = PBXFileReference; lastKnownFileType = file.storyboard; name = Base; path = Base.lproj/Main.storyboard; sourceTree = "<group>"; };
		6F6134031E261AC9009C0060 /* Assets.xcassets */ = {isa = PBXFileReference; lastKnownFileType = folder.assetcatalog; path = Assets.xcassets; sourceTree = "<group>"; };
		6F6134061E261AC9009C0060 /* Base */ = {isa = PBXFileReference; lastKnownFileType = file.storyboard; name = Base; path = Base.lproj/LaunchScreen.storyboard; sourceTree = "<group>"; };
		6F6134081E261AC9009C0060 /* Info.plist */ = {isa = PBXFileReference; lastKnownFileType = text.plist.xml; path = Info.plist; sourceTree = "<group>"; };
/* End PBXFileReference section */

/* Begin PBXFrameworksBuildPhase section */
		6F6133F61E261AC9009C0060 /* Frameworks */ = {
			isa = PBXFrameworksBuildPhase;
			buildActionMask = 2147483647;
			files = (
			);
			runOnlyForDeploymentPostprocessing = 0;
		};
/* End PBXFrameworksBuildPhase section */

/* Begin PBXGroup section */
		6F6133F01E261AC9009C0060 = {
			isa = PBXGroup;
			children = (
				6F6133FB1E261AC9009C0060 /* Convertor */,
				6F6133FA1E261AC9009C0060 /* Products */,
			);
			sourceTree = "<group>";
		};
		6F6133FA1E261AC9009C0060 /* Products */ = {
			isa = PBXGroup;
			children = (
				6F6133F91E261AC9009C0060 /* Convertor.app */,
			);
			name = Products;
			sourceTree = "<group>";
		};
		6F6133FB1E261AC9009C0060 /* Convertor */ = {
			isa = PBXGroup;
			children = (
				6F6133FC1E261AC9009C0060 /* AppDelegate.swift */,
				6F6133FE1E261AC9009C0060 /* ViewController.swift */,
				6F6134001E261AC9009C0060 /* Main.storyboard */,
				6F6134031E261AC9009C0060 /* Assets.xcassets */,
				6F6134051E261AC9009C0060 /* LaunchScreen.storyboard */,
				6F6134081E261AC9009C0060 /* Info.plist */,
			);
			path = Convertor;
			sourceTree = "<group>";
		};
/* End PBXGroup section */

/* Begin PBXNativeTarget section */
		6F6133F81E261AC9009C0060 /* Convertor */ = {
			isa = PBXNativeTarget;
			buildConfigurationList = 6F61340B1E261AC9009C0060 /* Build configuration list for PBXNativeTarget "Convertor" */;
			buildPhases = (
				6F6133F51E261AC9009C0060 /* Sources */,
				6F6133F61E261AC9009C0060 /* Frameworks */,
				6F6133F71E261AC9009C0060 /* Resources */,
			);
			buildRules = (
			);
			dependencies = (
			);
			name = Convertor;
			productName = Convertor;
			productReference = 6F6133F91E261AC9009C0060 /* Convertor.app */;
			productType = "com.apple.product-type.application";
		};
/* End PBXNativeTarget section */

/* Begin PBXProject section */
		6F6133F11E261AC9009C0060 /* Project object */ = {
			isa = PBXProject;
			attributes = {
				LastSwiftUpdateCheck = 0820;
				LastUpgradeCheck = 0820;
				ORGANIZATIONNAME = hoemoon;
				TargetAttributes = {
					6F6133F81E261AC9009C0060 = {
						CreatedOnToolsVersion = 8.2.1;
						DevelopmentTeam = UJ82UGU342;
						ProvisioningStyle = Automatic;
					};
				};
			};
			buildConfigurationList = 6F6133F41E261AC9009C0060 /* Build configuration list for PBXProject "Convertor" */;
			compatibilityVersion = "Xcode 3.2";
			developmentRegion = English;
			hasScannedForEncodings = 0;
			knownRegions = (
				en,
				Base,
			);
			mainGroup = 6F6133F01E261AC9009C0060;
			productRefGroup = 6F6133FA1E261AC9009C0060 /* Products */;
			projectDirPath = "";
			projectRoot = "";
			targets = (
				6F6133F81E261AC9009C0060 /* Convertor */,
			);
		};
/* End PBXProject section */

/* Begin PBXResourcesBuildPhase section */
		6F6133F71E261AC9009C0060 /* Resources */ = {
			isa = PBXResourcesBuildPhase;
			buildActionMask = 2147483647;
			files = (
				6F6134071E261AC9009C0060 /* LaunchScreen.storyboard in Resources */,
				6F6134041E261AC9009C0060 /* Assets.xcassets in Resources */,
				6F6134021E261AC9009C0060 /* Main.storyboard in Resources */,
			);
			runOnlyForDeploymentPostprocessing = 0;
		};
/* End PBXResourcesBuildPhase section */

/* Begin PBXSourcesBuildPhase section */
		6F6133F51E261AC9009C0060 /* Sources */ = {
			isa = PBXSourcesBuildPhase;
			buildActionMask = 2147483647;
			files = (
				6F6133FF1E261AC9009C0060 /* ViewController.swift in Sources */,
				6F6133FD1E261AC9009C0060 /* AppDelegate.swift in Sources */,
			);
			runOnlyForDeploymentPostprocessing = 0;
		};
/* End PBXSourcesBuildPhase section */

/* Begin PBXVariantGroup section */
		6F6134001E261AC9009C0060 /* Main.storyboard */ = {
			isa = PBXVariantGroup;
			children = (
				6F6134011E261AC9009C0060 /* Base */,
			);
			name = Main.storyboard;
			sourceTree = "<group>";
		};
		6F6134051E261AC9009C0060 /* LaunchScreen.storyboard */ = {
			isa = PBXVariantGroup;
			children = (
				6F6134061E261AC9009C0060 /* Base */,
			);
			name = LaunchScreen.storyboard;
			sourceTree = "<group>";
		};
/* End PBXVariantGroup section */

/* Begin XCBuildConfiguration section */
		6F6134091E261AC9009C0060 /* Debug */ = {
			isa = XCBuildConfiguration;
			buildSettings = {
				ALWAYS_SEARCH_USER_PATHS = NO;
				CLANG_ANALYZER_NONNULL = YES;
				CLANG_CXX_LANGUAGE_STANDARD = "gnu++0x";
				CLANG_CXX_LIBRARY = "libc++";
				CLANG_ENABLE_MODULES = YES;
				CLANG_ENABLE_OBJC_ARC = YES;
				CLANG_WARN_BOOL_CONVERSION = YES;
				CLANG_WARN_CONSTANT_CONVERSION = YES;
				CLANG_WARN_DIRECT_OBJC_ISA_USAGE = YES_ERROR;
				CLANG_WARN_DOCUMENTATION_COMMENTS = YES;
				CLANG_WARN_EMPTY_BODY = YES;
				CLANG_WARN_ENUM_CONVERSION = YES;
				CLANG_WARN_INFINITE_RECURSION = YES;
				CLANG_WARN_INT_CONVERSION = YES;
				CLANG_WARN_OBJC_ROOT_CLASS = YES_ERROR;
				CLANG_WARN_SUSPICIOUS_MOVE = YES;
				CLANG_WARN_UNREACHABLE_CODE = YES;
				CLANG_WARN__DUPLICATE_METHOD_MATCH = YES;
				"CODE_SIGN_IDENTITY[sdk=iphoneos*]" = "iPhone Developer";
				COPY_PHASE_STRIP = NO;
				DEBUG_INFORMATION_FORMAT = dwarf;
				ENABLE_STRICT_OBJC_MSGSEND = YES;
				ENABLE_TESTABILITY = YES;
				GCC_C_LANGUAGE_STANDARD = gnu99;
				GCC_DYNAMIC_NO_PIC = NO;
				GCC_NO_COMMON_BLOCKS = YES;
				GCC_OPTIMIZATION_LEVEL = 0;
				GCC_PREPROCESSOR_DEFINITIONS = (
					"DEBUG=1",
					"$(inherited)",
				);
				GCC_WARN_64_TO_32_BIT_CONVERSION = YES;
				GCC_WARN_ABOUT_RETURN_TYPE = YES_ERROR;
				GCC_WARN_UNDECLARED_SELECTOR = YES;
				GCC_WARN_UNINITIALIZED_AUTOS = YES_AGGRESSIVE;
				GCC_WARN_UNUSED_FUNCTION = YES;
				GCC_WARN_UNUSED_VARIABLE = YES;
				IPHONEOS_DEPLOYMENT_TARGET = 10.2;
				MTL_ENABLE_DEBUG_INFO = YES;
				ONLY_ACTIVE_ARCH = YES;
				SDKROOT = iphoneos;
				SWIFT_ACTIVE_COMPILATION_CONDITIONS = DEBUG;
				SWIFT_OPTIMIZATION_LEVEL = "-Onone";
			};
			name = Debug;
		};
		6F61340A1E261AC9009C0060 /* Release */ = {
			isa = XCBuildConfiguration;
			buildSettings = {
				ALWAYS_SEARCH_USER_PATHS = NO;
				CLANG_ANALYZER_NONNULL = YES;
				CLANG_CXX_LANGUAGE_STANDARD = "gnu++0x";
				CLANG_CXX_LIBRARY = "libc++";
				CLANG_ENABLE_MODULES = YES;
				CLANG_ENABLE_OBJC_ARC = YES;
				CLANG_WARN_BOOL_CONVERSION = YES;
				CLANG_WARN_CONSTANT_CONVERSION = YES;
				CLANG_WARN_DIRECT_OBJC_ISA_USAGE = YES_ERROR;
				CLANG_WARN_DOCUMENTATION_COMMENTS = YES;
				CLANG_WARN_EMPTY_BODY = YES;
				CLANG_WARN_ENUM_CONVERSION = YES;
				CLANG_WARN_INFINITE_RECURSION = YES;
				CLANG_WARN_INT_CONVERSION = YES;
				CLANG_WARN_OBJC_ROOT_CLASS = YES_ERROR;
				CLANG_WARN_SUSPICIOUS_MOVE = YES;
				CLANG_WARN_UNREACHABLE_CODE = YES;
				CLANG_WARN__DUPLICATE_METHOD_MATCH = YES;
				"CODE_SIGN_IDENTITY[sdk=iphoneos*]" = "iPhone Developer";
				COPY_PHASE_STRIP = NO;
				DEBUG_INFORMATION_FORMAT = "dwarf-with-dsym";
				ENABLE_NS_ASSERTIONS = NO;
				ENABLE_STRICT_OBJC_MSGSEND = YES;
				GCC_C_LANGUAGE_STANDARD = gnu99;
				GCC_NO_COMMON_BLOCKS = YES;
				GCC_WARN_64_TO_32_BIT_CONVERSION = YES;
				GCC_WARN_ABOUT_RETURN_TYPE = YES_ERROR;
				GCC_WARN_UNDECLARED_SELECTOR = YES;
				GCC_WARN_UNINITIALIZED_AUTOS = YES_AGGRESSIVE;
				GCC_WARN_UNUSED_FUNCTION = YES;
				GCC_WARN_UNUSED_VARIABLE = YES;
				IPHONEOS_DEPLOYMENT_TARGET = 10.2;
				MTL_ENABLE_DEBUG_INFO = NO;
				SDKROOT = iphoneos;
				SWIFT_OPTIMIZATION_LEVEL = "-Owholemodule";
				VALIDATE_PRODUCT = YES;
			};
			name = Release;
		};
		6F61340C1E261AC9009C0060 /* Debug */ = {
			isa = XCBuildConfiguration;
			buildSettings = {
				ASSETCATALOG_COMPILER_APPICON_NAME = AppIcon;
				DEVELOPMENT_TEAM = UJ82UGU342;
				INFOPLIST_FILE = Convertor/Info.plist;
				LD_RUNPATH_SEARCH_PATHS = "$(inherited) @executable_path/Frameworks";
				PRODUCT_BUNDLE_IDENTIFIER = hoemoon.Convertor;
				PRODUCT_NAME = "$(TARGET_NAME)";
				SWIFT_VERSION = 3.0;
			};
			name = Debug;
		};
		6F61340D1E261AC9009C0060 /* Release */ = {
			isa = XCBuildConfiguration;
			buildSettings = {
				ASSETCATALOG_COMPILER_APPICON_NAME = AppIcon;
				DEVELOPMENT_TEAM = UJ82UGU342;
				INFOPLIST_FILE = Convertor/Info.plist;
				LD_RUNPATH_SEARCH_PATHS = "$(inherited) @executable_path/Frameworks";
				PRODUCT_BUNDLE_IDENTIFIER = hoemoon.Convertor;
				PRODUCT_NAME = "$(TARGET_NAME)";
				SWIFT_VERSION = 3.0;
			};
			name = Release;
		};
/* End XCBuildConfiguration section */

/* Begin XCConfigurationList section */
		6F6133F41E261AC9009C0060 /* Build configuration list for PBXProject "Convertor" */ = {
			isa = XCConfigurationList;
			buildConfigurations = (
				6F6134091E261AC9009C0060 /* Debug */,
				6F61340A1E261AC9009C0060 /* Release */,
			);
			defaultConfigurationIsVisible = 0;
			defaultConfigurationName = Release;
		};
		6F61340B1E261AC9009C0060 /* Build configuration list for PBXNativeTarget "Convertor" */ = {
			isa = XCConfigurationList;
			buildConfigurations = (
				6F61340C1E261AC9009C0060 /* Debug */,
				6F61340D1E261AC9009C0060 /* Release */,
			);
			defaultConfigurationIsVisible = 0;
		};
/* End XCConfigurationList section */
	};
	rootObject = 6F6133F11E261AC9009C0060 /* Project object */;
}
